// !$*UTF8*$!
{
	archiveVersion = 1;
	classes = {
	};
	objectVersion = 48;
	objects = {

/* Begin PBXBuildFile section */
		03B2CA2D4D27F90248BD5D53 /* Pods_TodayWeather.framework in Frameworks */ = {isa = PBXBuildFile; fileRef = 024A555DEC84AFE92A993470 /* Pods_TodayWeather.framework */; };
		A51DC9A0200DD5FC00A7CDB6 /* DataManagerSingleton.swift in Sources */ = {isa = PBXBuildFile; fileRef = A51DC99E200DD52200A7CDB6 /* DataManagerSingleton.swift */; };
		A51DC9A3200DDE5D00A7CDB6 /* FetchedResults.swift in Sources */ = {isa = PBXBuildFile; fileRef = A51DC9A2200DDE5D00A7CDB6 /* FetchedResults.swift */; };
		A5513502200E1B7E00BDDB75 /* SettingsViewController.swift in Sources */ = {isa = PBXBuildFile; fileRef = A5513501200E1B7E00BDDB75 /* SettingsViewController.swift */; };
		A55F30CF20088D1800E51311 /* CurrentWeather.swift in Sources */ = {isa = PBXBuildFile; fileRef = A55F30CE20088D1800E51311 /* CurrentWeather.swift */; };
		A5795498200793DB00C46E58 /* AppDelegate.swift in Sources */ = {isa = PBXBuildFile; fileRef = A5795497200793DB00C46E58 /* AppDelegate.swift */; };
		A579549A200793DB00C46E58 /* TodayWeatherViewController.swift in Sources */ = {isa = PBXBuildFile; fileRef = A5795499200793DB00C46E58 /* TodayWeatherViewController.swift */; };
		A579549D200793DB00C46E58 /* Main.storyboard in Resources */ = {isa = PBXBuildFile; fileRef = A579549B200793DB00C46E58 /* Main.storyboard */; };
		A57954A2200793DB00C46E58 /* Assets.xcassets in Resources */ = {isa = PBXBuildFile; fileRef = A57954A1200793DB00C46E58 /* Assets.xcassets */; };
		A57954A5200793DB00C46E58 /* LaunchScreen.storyboard in Resources */ = {isa = PBXBuildFile; fileRef = A57954A3200793DB00C46E58 /* LaunchScreen.storyboard */; };
		A5CE3CB72015F3B6009E3D2E /* GradientView.swift in Sources */ = {isa = PBXBuildFile; fileRef = A5CE3CB62015F3B6009E3D2E /* GradientView.swift */; };
		A5D1BC352008EDFE0081C593 /* CurrentWeatherClass.swift in Sources */ = {isa = PBXBuildFile; fileRef = A5D1BC342008EDFE0081C593 /* CurrentWeatherClass.swift */; };
		A5D1BC372008F4B80081C593 /* RealmDataManager.swift in Sources */ = {isa = PBXBuildFile; fileRef = A5D1BC362008F4B80081C593 /* RealmDataManager.swift */; };
		A5DFCA6920171DDE006CAD40 /* SearchCityWeatherViewController.swift in Sources */ = {isa = PBXBuildFile; fileRef = A5DFCA6820171DDE006CAD40 /* SearchCityWeatherViewController.swift */; };
		A5F6DE47200C9E5400E2445A /* Protocols.swift in Sources */ = {isa = PBXBuildFile; fileRef = A5F6DE46200C9E5400E2445A /* Protocols.swift */; };
		A5F6DE65200CEB4300E2445A /* WriteTransaction.swift in Sources */ = {isa = PBXBuildFile; fileRef = A5F6DE64200CEB4300E2445A /* WriteTransaction.swift */; };
		A5F6DE67200CF20B00E2445A /* Container.swift in Sources */ = {isa = PBXBuildFile; fileRef = A5F6DE66200CF20B00E2445A /* Container.swift */; };
		A5F8D4382017223E00834A71 /* SearchCityWeather.swift in Sources */ = {isa = PBXBuildFile; fileRef = A5F8D4372017223E00834A71 /* SearchCityWeather.swift */; };
		A5F8D43A201722FA00834A71 /* SearchCityWeatherClass.swift in Sources */ = {isa = PBXBuildFile; fileRef = A5F8D439201722FA00834A71 /* SearchCityWeatherClass.swift */; };
/* End PBXBuildFile section */

/* Begin PBXFileReference section */
		024A555DEC84AFE92A993470 /* Pods_TodayWeather.framework */ = {isa = PBXFileReference; explicitFileType = wrapper.framework; includeInIndex = 0; path = Pods_TodayWeather.framework; sourceTree = BUILT_PRODUCTS_DIR; };
		5BF9FFF90E38AB8C8EAFE81F /* Pods-TodayWeather.debug.xcconfig */ = {isa = PBXFileReference; includeInIndex = 1; lastKnownFileType = text.xcconfig; name = "Pods-TodayWeather.debug.xcconfig"; path = "Pods/Target Support Files/Pods-TodayWeather/Pods-TodayWeather.debug.xcconfig"; sourceTree = "<group>"; };
		A51DC99E200DD52200A7CDB6 /* DataManagerSingleton.swift */ = {isa = PBXFileReference; lastKnownFileType = sourcecode.swift; path = DataManagerSingleton.swift; sourceTree = "<group>"; };
		A51DC9A2200DDE5D00A7CDB6 /* FetchedResults.swift */ = {isa = PBXFileReference; lastKnownFileType = sourcecode.swift; path = FetchedResults.swift; sourceTree = "<group>"; };
		A5513501200E1B7E00BDDB75 /* SettingsViewController.swift */ = {isa = PBXFileReference; lastKnownFileType = sourcecode.swift; path = SettingsViewController.swift; sourceTree = "<group>"; };
		A55F30CE20088D1800E51311 /* CurrentWeather.swift */ = {isa = PBXFileReference; lastKnownFileType = sourcecode.swift; path = CurrentWeather.swift; sourceTree = "<group>"; };
		A5795494200793DB00C46E58 /* TodayWeather.app */ = {isa = PBXFileReference; explicitFileType = wrapper.application; includeInIndex = 0; path = TodayWeather.app; sourceTree = BUILT_PRODUCTS_DIR; };
		A5795497200793DB00C46E58 /* AppDelegate.swift */ = {isa = PBXFileReference; lastKnownFileType = sourcecode.swift; path = AppDelegate.swift; sourceTree = "<group>"; };
		A5795499200793DB00C46E58 /* TodayWeatherViewController.swift */ = {isa = PBXFileReference; lastKnownFileType = sourcecode.swift; path = TodayWeatherViewController.swift; sourceTree = "<group>"; };
		A579549C200793DB00C46E58 /* Base */ = {isa = PBXFileReference; lastKnownFileType = file.storyboard; name = Base; path = Base.lproj/Main.storyboard; sourceTree = "<group>"; };
		A57954A1200793DB00C46E58 /* Assets.xcassets */ = {isa = PBXFileReference; lastKnownFileType = folder.assetcatalog; path = Assets.xcassets; sourceTree = "<group>"; };
		A57954A4200793DB00C46E58 /* Base */ = {isa = PBXFileReference; lastKnownFileType = file.storyboard; name = Base; path = Base.lproj/LaunchScreen.storyboard; sourceTree = "<group>"; };
		A57954A6200793DB00C46E58 /* Info.plist */ = {isa = PBXFileReference; lastKnownFileType = text.plist.xml; path = Info.plist; sourceTree = "<group>"; };
		A5CE3CB62015F3B6009E3D2E /* GradientView.swift */ = {isa = PBXFileReference; fileEncoding = 4; lastKnownFileType = sourcecode.swift; name = GradientView.swift; path = "TodayWeather/Presentation Layer/GradientView.swift"; sourceTree = SOURCE_ROOT; };
		A5D1BC342008EDFE0081C593 /* CurrentWeatherClass.swift */ = {isa = PBXFileReference; lastKnownFileType = sourcecode.swift; path = CurrentWeatherClass.swift; sourceTree = "<group>"; };
		A5D1BC362008F4B80081C593 /* RealmDataManager.swift */ = {isa = PBXFileReference; lastKnownFileType = sourcecode.swift; path = RealmDataManager.swift; sourceTree = "<group>"; };
		A5DFCA6820171DDE006CAD40 /* SearchCityWeatherViewController.swift */ = {isa = PBXFileReference; lastKnownFileType = sourcecode.swift; path = SearchCityWeatherViewController.swift; sourceTree = "<group>"; };
		A5F6DE46200C9E5400E2445A /* Protocols.swift */ = {isa = PBXFileReference; lastKnownFileType = sourcecode.swift; path = Protocols.swift; sourceTree = "<group>"; };
		A5F6DE64200CEB4300E2445A /* WriteTransaction.swift */ = {isa = PBXFileReference; lastKnownFileType = sourcecode.swift; path = WriteTransaction.swift; sourceTree = "<group>"; };
		A5F6DE66200CF20B00E2445A /* Container.swift */ = {isa = PBXFileReference; lastKnownFileType = sourcecode.swift; path = Container.swift; sourceTree = "<group>"; };
		A5F8D4372017223E00834A71 /* SearchCityWeather.swift */ = {isa = PBXFileReference; lastKnownFileType = sourcecode.swift; path = SearchCityWeather.swift; sourceTree = "<group>"; };
		A5F8D439201722FA00834A71 /* SearchCityWeatherClass.swift */ = {isa = PBXFileReference; lastKnownFileType = sourcecode.swift; path = SearchCityWeatherClass.swift; sourceTree = "<group>"; };
		FAEA1670AD5C0FBE1EC83420 /* Pods-TodayWeather.release.xcconfig */ = {isa = PBXFileReference; includeInIndex = 1; lastKnownFileType = text.xcconfig; name = "Pods-TodayWeather.release.xcconfig"; path = "Pods/Target Support Files/Pods-TodayWeather/Pods-TodayWeather.release.xcconfig"; sourceTree = "<group>"; };
/* End PBXFileReference section */

/* Begin PBXFrameworksBuildPhase section */
		A5795491200793DB00C46E58 /* Frameworks */ = {
			isa = PBXFrameworksBuildPhase;
			buildActionMask = 2147483647;
			files = (
				03B2CA2D4D27F90248BD5D53 /* Pods_TodayWeather.framework in Frameworks */,
			);
			runOnlyForDeploymentPostprocessing = 0;
		};
/* End PBXFrameworksBuildPhase section */

/* Begin PBXGroup section */
		A55F30D62008A23300E51311 /* Models */ = {
			isa = PBXGroup;
			children = (
				A5F8D4362017222400834A71 /* SearchCityWeather */,
				A5F8D4352017221400834A71 /* CurrentWeather */,
			);
			path = Models;
			sourceTree = "<group>";
		};
		A579548B200793DB00C46E58 = {
			isa = PBXGroup;
			children = (
				A5795496200793DB00C46E58 /* TodayWeather */,
				A5795495200793DB00C46E58 /* Products */,
				D6493A8BF2E05EA069C53C2D /* Pods */,
				A63C15B9BDD1AD3C5A9E97A0 /* Frameworks */,
			);
			sourceTree = "<group>";
		};
		A5795495200793DB00C46E58 /* Products */ = {
			isa = PBXGroup;
			children = (
				A5795494200793DB00C46E58 /* TodayWeather.app */,
			);
			name = Products;
			sourceTree = "<group>";
		};
		A5795496200793DB00C46E58 /* TodayWeather */ = {
			isa = PBXGroup;
			children = (
				A5CE3CD92016210A009E3D2E /* Application Layer */,
				A5CE3CDA2016212D009E3D2E /* Presentation Layer */,
				A5CE3CDB2016215F009E3D2E /* BuisinessLogic Layer */,
				A55F30D62008A23300E51311 /* Models */,
				A5F6DE4A200CA36500E2445A /* Resourse */,
				A57954A6200793DB00C46E58 /* Info.plist */,
			);
			path = TodayWeather;
			sourceTree = "<group>";
		};
		A5CE3CD92016210A009E3D2E /* Application Layer */ = {
			isa = PBXGroup;
			children = (
				A5795497200793DB00C46E58 /* AppDelegate.swift */,
				A5F6DE46200C9E5400E2445A /* Protocols.swift */,
			);
			path = "Application Layer";
			sourceTree = "<group>";
		};
		A5CE3CDA2016212D009E3D2E /* Presentation Layer */ = {
			isa = PBXGroup;
			children = (
				A579549B200793DB00C46E58 /* Main.storyboard */,
				A57954A3200793DB00C46E58 /* LaunchScreen.storyboard */,
				A5F6DE49200CA35700E2445A /* Controllers */,
				A5CE3CB62015F3B6009E3D2E /* GradientView.swift */,
			);
			path = "Presentation Layer";
			sourceTree = "<group>";
		};
		A5CE3CDB2016215F009E3D2E /* BuisinessLogic Layer */ = {
			isa = PBXGroup;
			children = (
				A5F6DE48200CA33B00E2445A /* Managers */,
				A5F6DE64200CEB4300E2445A /* WriteTransaction.swift */,
				A5F6DE66200CF20B00E2445A /* Container.swift */,
				A51DC9A2200DDE5D00A7CDB6 /* FetchedResults.swift */,
			);
			path = "BuisinessLogic Layer";
			sourceTree = "<group>";
		};
		A5F6DE48200CA33B00E2445A /* Managers */ = {
			isa = PBXGroup;
			children = (
				A51DC99E200DD52200A7CDB6 /* DataManagerSingleton.swift */,
				A5D1BC362008F4B80081C593 /* RealmDataManager.swift */,
			);
			path = Managers;
			sourceTree = "<group>";
		};
		A5F6DE49200CA35700E2445A /* Controllers */ = {
			isa = PBXGroup;
			children = (
				A5795499200793DB00C46E58 /* TodayWeatherViewController.swift */,
				A5DFCA6820171DDE006CAD40 /* SearchCityWeatherViewController.swift */,
				A5513501200E1B7E00BDDB75 /* SettingsViewController.swift */,
			);
			path = Controllers;
			sourceTree = "<group>";
		};
		A5F6DE4A200CA36500E2445A /* Resourse */ = {
			isa = PBXGroup;
			children = (
				A5F6DE4B200CA37000E2445A /* Images */,
			);
			path = Resourse;
			sourceTree = "<group>";
		};
		A5F6DE4B200CA37000E2445A /* Images */ = {
			isa = PBXGroup;
			children = (
				A57954A1200793DB00C46E58 /* Assets.xcassets */,
			);
			path = Images;
			sourceTree = "<group>";
		};
		A5F8D4352017221400834A71 /* CurrentWeather */ = {
			isa = PBXGroup;
			children = (
				A55F30CE20088D1800E51311 /* CurrentWeather.swift */,
				A5D1BC342008EDFE0081C593 /* CurrentWeatherClass.swift */,
			);
			path = CurrentWeather;
			sourceTree = "<group>";
		};
		A5F8D4362017222400834A71 /* SearchCityWeather */ = {
			isa = PBXGroup;
			children = (
				A5F8D4372017223E00834A71 /* SearchCityWeather.swift */,
				A5F8D439201722FA00834A71 /* SearchCityWeatherClass.swift */,
			);
			path = SearchCityWeather;
			sourceTree = "<group>";
		};
		A63C15B9BDD1AD3C5A9E97A0 /* Frameworks */ = {
			isa = PBXGroup;
			children = (
				024A555DEC84AFE92A993470 /* Pods_TodayWeather.framework */,
			);
			name = Frameworks;
			sourceTree = "<group>";
		};
		D6493A8BF2E05EA069C53C2D /* Pods */ = {
			isa = PBXGroup;
			children = (
				5BF9FFF90E38AB8C8EAFE81F /* Pods-TodayWeather.debug.xcconfig */,
				FAEA1670AD5C0FBE1EC83420 /* Pods-TodayWeather.release.xcconfig */,
			);
			name = Pods;
			sourceTree = "<group>";
		};
/* End PBXGroup section */

/* Begin PBXNativeTarget section */
		A5795493200793DB00C46E58 /* TodayWeather */ = {
			isa = PBXNativeTarget;
			buildConfigurationList = A57954A9200793DB00C46E58 /* Build configuration list for PBXNativeTarget "TodayWeather" */;
			buildPhases = (
				939AFE100E06EFAD96074137 /* [CP] Check Pods Manifest.lock */,
				A5795490200793DB00C46E58 /* Sources */,
				A5795491200793DB00C46E58 /* Frameworks */,
				A5795492200793DB00C46E58 /* Resources */,
				F3C9C16E6FA85B7E9978CE33 /* [CP] Embed Pods Frameworks */,
				DB365765EFFDD43C786A7AA5 /* [CP] Copy Pods Resources */,
			);
			buildRules = (
			);
			dependencies = (
			);
			name = TodayWeather;
			productName = TodayWeather;
			productReference = A5795494200793DB00C46E58 /* TodayWeather.app */;
			productType = "com.apple.product-type.application";
		};
/* End PBXNativeTarget section */

/* Begin PBXProject section */
		A579548C200793DB00C46E58 /* Project object */ = {
			isa = PBXProject;
			attributes = {
				LastSwiftUpdateCheck = 0920;
				LastUpgradeCheck = 0920;
				ORGANIZATIONNAME = Sergey;
				TargetAttributes = {
					A5795493200793DB00C46E58 = {
						CreatedOnToolsVersion = 9.2;
						ProvisioningStyle = Automatic;
					};
				};
			};
			buildConfigurationList = A579548F200793DB00C46E58 /* Build configuration list for PBXProject "TodayWeather" */;
			compatibilityVersion = "Xcode 8.0";
			developmentRegion = en;
			hasScannedForEncodings = 0;
			knownRegions = (
				en,
				Base,
			);
			mainGroup = A579548B200793DB00C46E58;
			productRefGroup = A5795495200793DB00C46E58 /* Products */;
			projectDirPath = "";
			projectRoot = "";
			targets = (
				A5795493200793DB00C46E58 /* TodayWeather */,
			);
		};
/* End PBXProject section */

/* Begin PBXResourcesBuildPhase section */
		A5795492200793DB00C46E58 /* Resources */ = {
			isa = PBXResourcesBuildPhase;
			buildActionMask = 2147483647;
			files = (
				A57954A5200793DB00C46E58 /* LaunchScreen.storyboard in Resources */,
				A57954A2200793DB00C46E58 /* Assets.xcassets in Resources */,
				A579549D200793DB00C46E58 /* Main.storyboard in Resources */,
			);
			runOnlyForDeploymentPostprocessing = 0;
		};
/* End PBXResourcesBuildPhase section */

/* Begin PBXShellScriptBuildPhase section */
		939AFE100E06EFAD96074137 /* [CP] Check Pods Manifest.lock */ = {
			isa = PBXShellScriptBuildPhase;
			buildActionMask = 2147483647;
			files = (
			);
			inputPaths = (
				"${PODS_PODFILE_DIR_PATH}/Podfile.lock",
				"${PODS_ROOT}/Manifest.lock",
			);
			name = "[CP] Check Pods Manifest.lock";
			outputPaths = (
				"$(DERIVED_FILE_DIR)/Pods-TodayWeather-checkManifestLockResult.txt",
			);
			runOnlyForDeploymentPostprocessing = 0;
			shellPath = /bin/sh;
			shellScript = "diff \"${PODS_PODFILE_DIR_PATH}/Podfile.lock\" \"${PODS_ROOT}/Manifest.lock\" > /dev/null\nif [ $? != 0 ] ; then\n    # print error to STDERR\n    echo \"error: The sandbox is not in sync with the Podfile.lock. Run 'pod install' or update your CocoaPods installation.\" >&2\n    exit 1\nfi\n# This output is used by Xcode 'outputs' to avoid re-running this script phase.\necho \"SUCCESS\" > \"${SCRIPT_OUTPUT_FILE_0}\"\n";
			showEnvVarsInLog = 0;
		};
		DB365765EFFDD43C786A7AA5 /* [CP] Copy Pods Resources */ = {
			isa = PBXShellScriptBuildPhase;
			buildActionMask = 2147483647;
			files = (
			);
			inputPaths = (
			);
			name = "[CP] Copy Pods Resources";
			outputPaths = (
			);
			runOnlyForDeploymentPostprocessing = 0;
			shellPath = /bin/sh;
			shellScript = "\"${SRCROOT}/Pods/Target Support Files/Pods-TodayWeather/Pods-TodayWeather-resources.sh\"\n";
			showEnvVarsInLog = 0;
		};
		F3C9C16E6FA85B7E9978CE33 /* [CP] Embed Pods Frameworks */ = {
			isa = PBXShellScriptBuildPhase;
			buildActionMask = 2147483647;
			files = (
			);
			inputPaths = (
				"${SRCROOT}/Pods/Target Support Files/Pods-TodayWeather/Pods-TodayWeather-frameworks.sh",
				"${BUILT_PRODUCTS_DIR}/Alamofire/Alamofire.framework",
				"${BUILT_PRODUCTS_DIR}/Realm/Realm.framework",
				"${BUILT_PRODUCTS_DIR}/RealmSwift/RealmSwift.framework",
				"${BUILT_PRODUCTS_DIR}/SwiftyJSON/SwiftyJSON.framework",
			);
			name = "[CP] Embed Pods Frameworks";
			outputPaths = (
				"${TARGET_BUILD_DIR}/${FRAMEWORKS_FOLDER_PATH}/Alamofire.framework",
				"${TARGET_BUILD_DIR}/${FRAMEWORKS_FOLDER_PATH}/Realm.framework",
				"${TARGET_BUILD_DIR}/${FRAMEWORKS_FOLDER_PATH}/RealmSwift.framework",
				"${TARGET_BUILD_DIR}/${FRAMEWORKS_FOLDER_PATH}/SwiftyJSON.framework",
			);
			runOnlyForDeploymentPostprocessing = 0;
			shellPath = /bin/sh;
			shellScript = "\"${SRCROOT}/Pods/Target Support Files/Pods-TodayWeather/Pods-TodayWeather-frameworks.sh\"\n";
			showEnvVarsInLog = 0;
		};
/* End PBXShellScriptBuildPhase section */

/* Begin PBXSourcesBuildPhase section */
		A5795490200793DB00C46E58 /* Sources */ = {
			isa = PBXSourcesBuildPhase;
			buildActionMask = 2147483647;
			files = (
				A51DC9A3200DDE5D00A7CDB6 /* FetchedResults.swift in Sources */,
				A51DC9A0200DD5FC00A7CDB6 /* DataManagerSingleton.swift in Sources */,
				A5CE3CB72015F3B6009E3D2E /* GradientView.swift in Sources */,
				A5F8D4382017223E00834A71 /* SearchCityWeather.swift in Sources */,
				A579549A200793DB00C46E58 /* TodayWeatherViewController.swift in Sources */,
				A5F6DE47200C9E5400E2445A /* Protocols.swift in Sources */,
				A5D1BC352008EDFE0081C593 /* CurrentWeatherClass.swift in Sources */,
				A5DFCA6920171DDE006CAD40 /* SearchCityWeatherViewController.swift in Sources */,
				A5D1BC372008F4B80081C593 /* RealmDataManager.swift in Sources */,
				A5795498200793DB00C46E58 /* AppDelegate.swift in Sources */,
				A5513502200E1B7E00BDDB75 /* SettingsViewController.swift in Sources */,
				A55F30CF20088D1800E51311 /* CurrentWeather.swift in Sources */,
				A5F6DE67200CF20B00E2445A /* Container.swift in Sources */,
				A5F8D43A201722FA00834A71 /* SearchCityWeatherClass.swift in Sources */,
				A5F6DE65200CEB4300E2445A /* WriteTransaction.swift in Sources */,
			);
			runOnlyForDeploymentPostprocessing = 0;
		};
/* End PBXSourcesBuildPhase section */

/* Begin PBXVariantGroup section */
		A579549B200793DB00C46E58 /* Main.storyboard */ = {
			isa = PBXVariantGroup;
			children = (
				A579549C200793DB00C46E58 /* Base */,
			);
			name = Main.storyboard;
			sourceTree = "<group>";
		};
		A57954A3200793DB00C46E58 /* LaunchScreen.storyboard */ = {
			isa = PBXVariantGroup;
			children = (
				A57954A4200793DB00C46E58 /* Base */,
			);
			name = LaunchScreen.storyboard;
			sourceTree = "<group>";
		};
/* End PBXVariantGroup section */

/* Begin XCBuildConfiguration section */
		A57954A7200793DB00C46E58 /* Debug */ = {
			isa = XCBuildConfiguration;
			buildSettings = {
				ALWAYS_SEARCH_USER_PATHS = NO;
				CLANG_ANALYZER_NONNULL = YES;
				CLANG_ANALYZER_NUMBER_OBJECT_CONVERSION = YES_AGGRESSIVE;
				CLANG_CXX_LANGUAGE_STANDARD = "gnu++14";
				CLANG_CXX_LIBRARY = "libc++";
				CLANG_ENABLE_MODULES = YES;
				CLANG_ENABLE_OBJC_ARC = YES;
				CLANG_WARN_BLOCK_CAPTURE_AUTORELEASING = YES;
				CLANG_WARN_BOOL_CONVERSION = YES;
				CLANG_WARN_COMMA = YES;
				CLANG_WARN_CONSTANT_CONVERSION = YES;
				CLANG_WARN_DIRECT_OBJC_ISA_USAGE = YES_ERROR;
				CLANG_WARN_DOCUMENTATION_COMMENTS = YES;
				CLANG_WARN_EMPTY_BODY = YES;
				CLANG_WARN_ENUM_CONVERSION = YES;
				CLANG_WARN_INFINITE_RECURSION = YES;
				CLANG_WARN_INT_CONVERSION = YES;
				CLANG_WARN_NON_LITERAL_NULL_CONVERSION = YES;
				CLANG_WARN_OBJC_LITERAL_CONVERSION = YES;
				CLANG_WARN_OBJC_ROOT_CLASS = YES_ERROR;
				CLANG_WARN_RANGE_LOOP_ANALYSIS = YES;
				CLANG_WARN_STRICT_PROTOTYPES = YES;
				CLANG_WARN_SUSPICIOUS_MOVE = YES;
				CLANG_WARN_UNGUARDED_AVAILABILITY = YES_AGGRESSIVE;
				CLANG_WARN_UNREACHABLE_CODE = YES;
				CLANG_WARN__DUPLICATE_METHOD_MATCH = YES;
				CODE_SIGN_IDENTITY = "iPhone Developer";
				COPY_PHASE_STRIP = NO;
				DEBUG_INFORMATION_FORMAT = dwarf;
				ENABLE_STRICT_OBJC_MSGSEND = YES;
				ENABLE_TESTABILITY = YES;
				GCC_C_LANGUAGE_STANDARD = gnu11;
				GCC_DYNAMIC_NO_PIC = NO;
				GCC_NO_COMMON_BLOCKS = YES;
				GCC_OPTIMIZATION_LEVEL = 0;
				GCC_PREPROCESSOR_DEFINITIONS = (
					"DEBUG=1",
					"$(inherited)",
				);
				GCC_WARN_64_TO_32_BIT_CONVERSION = YES;
				GCC_WARN_ABOUT_RETURN_TYPE = YES_ERROR;
				GCC_WARN_UNDECLARED_SELECTOR = YES;
				GCC_WARN_UNINITIALIZED_AUTOS = YES_AGGRESSIVE;
				GCC_WARN_UNUSED_FUNCTION = YES;
				GCC_WARN_UNUSED_VARIABLE = YES;
				IPHONEOS_DEPLOYMENT_TARGET = 11.2;
				MTL_ENABLE_DEBUG_INFO = YES;
				ONLY_ACTIVE_ARCH = YES;
				SDKROOT = iphoneos;
				SWIFT_ACTIVE_COMPILATION_CONDITIONS = DEBUG;
				SWIFT_OPTIMIZATION_LEVEL = "-Onone";
			};
			name = Debug;
		};
		A57954A8200793DB00C46E58 /* Release */ = {
			isa = XCBuildConfiguration;
			buildSettings = {
				ALWAYS_SEARCH_USER_PATHS = NO;
				CLANG_ANALYZER_NONNULL = YES;
				CLANG_ANALYZER_NUMBER_OBJECT_CONVERSION = YES_AGGRESSIVE;
				CLANG_CXX_LANGUAGE_STANDARD = "gnu++14";
				CLANG_CXX_LIBRARY = "libc++";
				CLANG_ENABLE_MODULES = YES;
				CLANG_ENABLE_OBJC_ARC = YES;
				CLANG_WARN_BLOCK_CAPTURE_AUTORELEASING = YES;
				CLANG_WARN_BOOL_CONVERSION = YES;
				CLANG_WARN_COMMA = YES;
				CLANG_WARN_CONSTANT_CONVERSION = YES;
				CLANG_WARN_DIRECT_OBJC_ISA_USAGE = YES_ERROR;
				CLANG_WARN_DOCUMENTATION_COMMENTS = YES;
				CLANG_WARN_EMPTY_BODY = YES;
				CLANG_WARN_ENUM_CONVERSION = YES;
				CLANG_WARN_INFINITE_RECURSION = YES;
				CLANG_WARN_INT_CONVERSION = YES;
				CLANG_WARN_NON_LITERAL_NULL_CONVERSION = YES;
				CLANG_WARN_OBJC_LITERAL_CONVERSION = YES;
				CLANG_WARN_OBJC_ROOT_CLASS = YES_ERROR;
				CLANG_WARN_RANGE_LOOP_ANALYSIS = YES;
				CLANG_WARN_STRICT_PROTOTYPES = YES;
				CLANG_WARN_SUSPICIOUS_MOVE = YES;
				CLANG_WARN_UNGUARDED_AVAILABILITY = YES_AGGRESSIVE;
				CLANG_WARN_UNREACHABLE_CODE = YES;
				CLANG_WARN__DUPLICATE_METHOD_MATCH = YES;
				CODE_SIGN_IDENTITY = "iPhone Developer";
				COPY_PHASE_STRIP = NO;
				DEBUG_INFORMATION_FORMAT = "dwarf-with-dsym";
				ENABLE_NS_ASSERTIONS = NO;
				ENABLE_STRICT_OBJC_MSGSEND = YES;
				GCC_C_LANGUAGE_STANDARD = gnu11;
				GCC_NO_COMMON_BLOCKS = YES;
				GCC_WARN_64_TO_32_BIT_CONVERSION = YES;
				GCC_WARN_ABOUT_RETURN_TYPE = YES_ERROR;
				GCC_WARN_UNDECLARED_SELECTOR = YES;
				GCC_WARN_UNINITIALIZED_AUTOS = YES_AGGRESSIVE;
				GCC_WARN_UNUSED_FUNCTION = YES;
				GCC_WARN_UNUSED_VARIABLE = YES;
				IPHONEOS_DEPLOYMENT_TARGET = 11.2;
				MTL_ENABLE_DEBUG_INFO = NO;
				SDKROOT = iphoneos;
				SWIFT_OPTIMIZATION_LEVEL = "-Owholemodule";
				VALIDATE_PRODUCT = YES;
			};
			name = Release;
		};
		A57954AA200793DB00C46E58 /* Debug */ = {
			isa = XCBuildConfiguration;
			baseConfigurationReference = 5BF9FFF90E38AB8C8EAFE81F /* Pods-TodayWeather.debug.xcconfig */;
			buildSettings = {
				ASSETCATALOG_COMPILER_APPICON_NAME = AppIcon;
				CODE_SIGN_STYLE = Automatic;
				DEVELOPMENT_TEAM = V6T23KGG3R;
				INFOPLIST_FILE = TodayWeather/Info.plist;
				LD_RUNPATH_SEARCH_PATHS = "$(inherited) @executable_path/Frameworks";
				PRODUCT_BUNDLE_IDENTIFIER = com.letmecode.test.TodayWeather;
				PRODUCT_NAME = "$(TARGET_NAME)";
				SWIFT_VERSION = 4.0;
				TARGETED_DEVICE_FAMILY = "1,2";
			};
			name = Debug;
		};
		A57954AB200793DB00C46E58 /* Release */ = {
			isa = XCBuildConfiguration;
			baseConfigurationReference = FAEA1670AD5C0FBE1EC83420 /* Pods-TodayWeather.release.xcconfig */;
			buildSettings = {
				ASSETCATALOG_COMPILER_APPICON_NAME = AppIcon;
				CODE_SIGN_STYLE = Automatic;
				DEVELOPMENT_TEAM = V6T23KGG3R;
				INFOPLIST_FILE = TodayWeather/Info.plist;
				LD_RUNPATH_SEARCH_PATHS = "$(inherited) @executable_path/Frameworks";
				PRODUCT_BUNDLE_IDENTIFIER = com.letmecode.test.TodayWeather;
				PRODUCT_NAME = "$(TARGET_NAME)";
				SWIFT_VERSION = 4.0;
				TARGETED_DEVICE_FAMILY = "1,2";
			};
			name = Release;
		};
/* End XCBuildConfiguration section */

/* Begin XCConfigurationList section */
		A579548F200793DB00C46E58 /* Build configuration list for PBXProject "TodayWeather" */ = {
			isa = XCConfigurationList;
			buildConfigurations = (
				A57954A7200793DB00C46E58 /* Debug */,
				A57954A8200793DB00C46E58 /* Release */,
			);
			defaultConfigurationIsVisible = 0;
			defaultConfigurationName = Release;
		};
		A57954A9200793DB00C46E58 /* Build configuration list for PBXNativeTarget "TodayWeather" */ = {
			isa = XCConfigurationList;
			buildConfigurations = (
				A57954AA200793DB00C46E58 /* Debug */,
				A57954AB200793DB00C46E58 /* Release */,
			);
			defaultConfigurationIsVisible = 0;
			defaultConfigurationName = Release;
		};
/* End XCConfigurationList section */
	};
	rootObject = A579548C200793DB00C46E58 /* Project object */;
}
